
Microsoft Visual Studio Solution File, Format Version 12.00
# Visual Studio 15
VisualStudioVersion = 15.0.27428.2037
MinimumVisualStudioVersion = 10.0.40219.1
Project("{FAE04EC0-301F-11D3-BF4B-00C04F79EFBC}") = "CustomListClass", "CustomListClass\CustomListClass.csproj", "{1376C756-A04A-4F0B-AADE-E43841614E26}"
EndProject
Project("{FAE04EC0-301F-11D3-BF4B-00C04F79EFBC}") = "CustomListUnitTests", "CustomListUnitTests\CustomListUnitTests.csproj", "{E76850FC-38B3-457A-B7AA-403311E5B601}"
EndProject
Global
	GlobalSection(SolutionConfigurationPlatforms) = preSolution
		Debug|Any CPU = Debug|Any CPU
		Release|Any CPU = Release|Any CPU
	EndGlobalSection
	GlobalSection(ProjectConfigurationPlatforms) = postSolution
		{1376C756-A04A-4F0B-AADE-E43841614E26}.Debug|Any CPU.ActiveCfg = Debug|Any CPU
		{1376C756-A04A-4F0B-AADE-E43841614E26}.Debug|Any CPU.Build.0 = Debug|Any CPU
		{1376C756-A04A-4F0B-AADE-E43841614E26}.Release|Any CPU.ActiveCfg = Release|Any CPU
		{1376C756-A04A-4F0B-AADE-E43841614E26}.Release|Any CPU.Build.0 = Release|Any CPU
		{E76850FC-38B3-457A-B7AA-403311E5B601}.Debug|Any CPU.ActiveCfg = Debug|Any CPU
		{E76850FC-38B3-457A-B7AA-403311E5B601}.Debug|Any CPU.Build.0 = Debug|Any CPU
		{E76850FC-38B3-457A-B7AA-403311E5B601}.Release|Any CPU.ActiveCfg = Release|Any CPU
		{E76850FC-38B3-457A-B7AA-403311E5B601}.Release|Any CPU.Build.0 = Release|Any CPU
	EndGlobalSection
	GlobalSection(SolutionProperties) = preSolution
		HideSolutionNode = FALSE
	EndGlobalSection
	GlobalSection(ExtensibilityGlobals) = postSolution
		SolutionGuid = {A77FE95C-7A41-4A94-B6FF-46FCBC352382}
	EndGlobalSection
EndGlobal
